
Microsoft Visual Studio Solution File, Format Version 12.00
# Visual Studio Version 17
VisualStudioVersion = 17.9.34728.123
MinimumVisualStudioVersion = 10.0.40219.1
Project("{FAE04EC0-301F-11D3-BF4B-00C04F79EFBC}") = "JwtWithEcdsa", "JwtWithEcdsa\JwtWithEcdsa.csproj", "{2288189B-903C-44B4-8D35-2DAB909B9A96}"
EndProject
Global
	GlobalSection(SolutionConfigurationPlatforms) = preSolution
		Debug|Any CPU = Debug|Any CPU
		Release|Any CPU = Release|Any CPU
	EndGlobalSection
	GlobalSection(ProjectConfigurationPlatforms) = postSolution
		{2288189B-903C-44B4-8D35-2DAB909B9A96}.Debug|Any CPU.ActiveCfg = Debug|Any CPU
		{2288189B-903C-44B4-8D35-2DAB909B9A96}.Debug|Any CPU.Build.0 = Debug|Any CPU
		{2288189B-903C-44B4-8D35-2DAB909B9A96}.Release|Any CPU.ActiveCfg = Release|Any CPU
		{2288189B-903C-44B4-8D35-2DAB909B9A96}.Release|Any CPU.Build.0 = Release|Any CPU
	EndGlobalSection
	GlobalSection(SolutionProperties) = preSolution
		HideSolutionNode = FALSE
	EndGlobalSection
	GlobalSection(ExtensibilityGlobals) = postSolution
		SolutionGuid = {6DFB3192-F5EB-45BD-B4A9-7FC47A9FE4AE}
	EndGlobalSection
EndGlobal
